{
    "version": 3,
    "terraform_version": "0.11.7",
    "serial": 4,
    "lineage": "520ac917-d7ab-62b3-e690-a55c77953350",
    "modules": [
        {
            "path": [
                "root"
            ],
            "outputs": {},
            "resources": {
                "aws_ecr_repository.repository2": {
                    "type": "aws_ecr_repository",
                    "depends_on": [],
                    "primary": {
                        "id": "848984447616.dkr.ecr.us-east-1.amazonaws.com/earnings-scheduler",
                        "attributes": {
                            "arn": "arn:aws:ecr:us-east-1:848984447616:repository/848984447616.dkr.ecr.us-east-1.amazonaws.com/earnings-scheduler",
                            "id": "848984447616.dkr.ecr.us-east-1.amazonaws.com/earnings-scheduler",
                            "name": "848984447616.dkr.ecr.us-east-1.amazonaws.com/earnings-scheduler",
                            "registry_id": "848984447616",
                            "repository_url": "848984447616.dkr.ecr.us-east-1.amazonaws.com/848984447616.dkr.ecr.us-east-1.amazonaws.com/earnings-scheduler"
                        },
                        "meta": {},
                        "tainted": false
                    },
                    "deposed": [],
                    "provider": "provider.aws"
                }
            },
            "depends_on": []
        }
    ]
}
